# THIS IS AN AUTOGENERATED FILE. DO NOT EDIT THIS FILE DIRECTLY.
# yarn lockfile v1


"@types/events@*":
  version "1.2.0"
  resolved "https://registry.yarnpkg.com/@types/events/-/events-1.2.0.tgz#81a6731ce4df43619e5c8c945383b3e62a89ea86"

"@types/node@*":
  version "10.5.1"
  resolved "https://registry.yarnpkg.com/@types/node/-/node-10.5.1.tgz#d578446f4abff5c0b49ade9b4e5274f6badaadfc"

"@types/pino@^4.7.1":
  version "4.16.0"
  resolved "https://registry.yarnpkg.com/@types/pino/-/pino-4.16.0.tgz#802d0e8d36009a39c5c9163634a3344073f04be5"
  dependencies:
    "@types/events" "*"
    "@types/node" "*"

abstract-logging@^1.0.0:
  version "1.0.0"
  resolved "https://registry.yarnpkg.com/abstract-logging/-/abstract-logging-1.0.0.tgz#8b7deafd310559bc28f77724dd1bb30177278c1b"

ajv@^6.0.0, ajv@^6.4.0, ajv@^6.5.0:
  version "6.5.2"
  resolved "https://registry.yarnpkg.com/ajv/-/ajv-6.5.2.tgz#678495f9b82f7cca6be248dd92f59bff5e1f4360"
  dependencies:
    fast-deep-equal "^2.0.1"
    fast-json-stable-stringify "^2.0.0"
    json-schema-traverse "^0.4.1"
    uri-js "^4.2.1"

ansi-styles@^3.2.1:
  version "3.2.1"
  resolved "https://registry.yarnpkg.com/ansi-styles/-/ansi-styles-3.2.1.tgz#41fbb20243e50b12be0f04b8dedbf07520ce841d"
  dependencies:
    color-convert "^1.9.0"

avvio@^5.4.3:
  version "5.6.0"
  resolved "https://registry.yarnpkg.com/avvio/-/avvio-5.6.0.tgz#b9a5a38b7c5e816e4875e0efb3edfb1a4f1fcc1b"
  dependencies:
    debug "^3.1.0"
    fastq "^1.6.0"

browserslist-useragent@^1.1.0:
  version "1.1.0"
  resolved "https://registry.yarnpkg.com/browserslist-useragent/-/browserslist-useragent-1.1.0.tgz#23ae45f560594db8501b50e67afaa3102f0c6101"
  dependencies:
    browserslist "^2.9.1"
    semver "^5.4.1"
    useragent "^2.2.1"

browserslist@^2.0.0, browserslist@^2.9.1:
  version "2.11.3"
  resolved "https://registry.yarnpkg.com/browserslist/-/browserslist-2.11.3.tgz#fe36167aed1bbcde4827ebfe71347a2cc70b99b2"
  dependencies:
    caniuse-lite "^1.0.30000792"
    electron-to-chromium "^1.3.30"

caniuse-api@^2.0.0:
  version "2.0.0"
  resolved "https://registry.yarnpkg.com/caniuse-api/-/caniuse-api-2.0.0.tgz#b1ddb5a5966b16f48dc4998444d4bbc6c7d9d834"
  dependencies:
    browserslist "^2.0.0"
    caniuse-lite "^1.0.0"
    lodash.memoize "^4.1.2"
    lodash.uniq "^4.5.0"

caniuse-lite@^1.0.0, caniuse-lite@^1.0.30000792:
  version "1.0.30000861"
  resolved "https://registry.yarnpkg.com/caniuse-lite/-/caniuse-lite-1.0.30000861.tgz#a32bb9607c34e4639b497ff37de746fc8a160410"

chalk@^2.4.1:
  version "2.4.1"
  resolved "https://registry.yarnpkg.com/chalk/-/chalk-2.4.1.tgz#18c49ab16a037b6eb0152cc83e3471338215b66e"
  dependencies:
    ansi-styles "^3.2.1"
    escape-string-regexp "^1.0.5"
    supports-color "^5.3.0"

color-convert@^1.9.0:
  version "1.9.2"
  resolved "https://registry.yarnpkg.com/color-convert/-/color-convert-1.9.2.tgz#49881b8fba67df12a96bdf3f56c0aab9e7913147"
  dependencies:
    color-name "1.1.1"

color-name@1.1.1:
  version "1.1.1"
  resolved "https://registry.yarnpkg.com/color-name/-/color-name-1.1.1.tgz#4b1415304cf50028ea81643643bd82ea05803689"

core-util-is@~1.0.0:
  version "1.0.2"
  resolved "https://registry.yarnpkg.com/core-util-is/-/core-util-is-1.0.2.tgz#b5fd54220aa2bc5ab57aab7140c940754503c1a7"

debug@^3.1.0:
  version "3.1.0"
  resolved "https://registry.yarnpkg.com/debug/-/debug-3.1.0.tgz#5bb5a0672628b64149566ba16819e61518c67261"
  dependencies:
    ms "2.0.0"

deepmerge@^2.1.0:
  version "2.1.1"
  resolved "https://registry.yarnpkg.com/deepmerge/-/deepmerge-2.1.1.tgz#e862b4e45ea0555072bf51e7fd0d9845170ae768"

electron-to-chromium@^1.3.30:
  version "1.3.50"
  resolved "https://registry.yarnpkg.com/electron-to-chromium/-/electron-to-chromium-1.3.50.tgz#7438b76f92b41b919f3fbdd350fbd0757dacddf7"

end-of-stream@^1.1.0, end-of-stream@^1.4.1:
  version "1.4.1"
  resolved "https://registry.yarnpkg.com/end-of-stream/-/end-of-stream-1.4.1.tgz#ed29634d19baba463b6ce6b80a37213eab71ec43"
  dependencies:
    once "^1.4.0"

escape-string-regexp@^1.0.5:
  version "1.0.5"
  resolved "https://registry.yarnpkg.com/escape-string-regexp/-/escape-string-regexp-1.0.5.tgz#1b61c0562190a8dff6ae3bb2cf0200ca130b86d4"

fast-decode-uri-component@^1.0.0:
  version "1.0.0"
  resolved "https://registry.yarnpkg.com/fast-decode-uri-component/-/fast-decode-uri-component-1.0.0.tgz#7ce10336aa4b26286fee93d71e6785ff0f596a33"

fast-deep-equal@^2.0.1:
  version "2.0.1"
  resolved "https://registry.yarnpkg.com/fast-deep-equal/-/fast-deep-equal-2.0.1.tgz#7b05218ddf9667bf7f370bf7fdb2cb15fdd0aa49"

fast-json-parse@^1.0.3:
  version "1.0.3"
  resolved "https://registry.yarnpkg.com/fast-json-parse/-/fast-json-parse-1.0.3.tgz#43e5c61ee4efa9265633046b770fb682a7577c4d"

fast-json-stable-stringify@^2.0.0:
  version "2.0.0"
  resolved "https://registry.yarnpkg.com/fast-json-stable-stringify/-/fast-json-stable-stringify-2.0.0.tgz#d5142c0caee6b1189f87d3a76111064f86c8bbf2"

fast-json-stringify@^1.5.2:
  version "1.5.4"
  resolved "https://registry.yarnpkg.com/fast-json-stringify/-/fast-json-stringify-1.5.4.tgz#d0f65bc2c3f901079de69299dc4bf9abf0e619ba"
  dependencies:
    ajv "^6.5.0"
    deepmerge "^2.1.0"

fast-safe-stringify@^1.0.8, fast-safe-stringify@^1.2.3:
  version "1.2.3"
  resolved "https://registry.yarnpkg.com/fast-safe-stringify/-/fast-safe-stringify-1.2.3.tgz#9fe22c37fb2f7f86f06b8f004377dbf8f1ee7bc1"

fastify-plugin@^1.1.3:
  version "1.1.3"
  resolved "https://registry.yarnpkg.com/fastify-plugin/-/fastify-plugin-1.1.3.tgz#77db8a58046369ed6dc93d0f14bbe0ba16584aaa"
  dependencies:
    semver "^5.5.0"

fastify@^1.7.0:
  version "1.7.0"
  resolved "https://registry.yarnpkg.com/fastify/-/fastify-1.7.0.tgz#dab4d9b27808f9e458db9128cca1124f6f83fa2e"
  dependencies:
    "@types/pino" "^4.7.1"
    abstract-logging "^1.0.0"
    ajv "^6.4.0"
    avvio "^5.4.3"
    end-of-stream "^1.4.1"
    fast-json-stringify "^1.5.2"
    find-my-way "^1.14.0"
    flatstr "^1.0.5"
    light-my-request "^2.0.2"
    middie "^3.1.0"
    pino "^4.16.1"
    tiny-lru "^1.5.2"

fastq@^1.6.0:
  version "1.6.0"
  resolved "https://registry.yarnpkg.com/fastq/-/fastq-1.6.0.tgz#4ec8a38f4ac25f21492673adb7eae9cfef47d1c2"
  dependencies:
    reusify "^1.0.0"

find-my-way@^1.14.0:
  version "1.14.1"
  resolved "https://registry.yarnpkg.com/find-my-way/-/find-my-way-1.14.1.tgz#fce8a3d2095bb49e68a3e5b47b38536be6a49620"
  dependencies:
    fast-decode-uri-component "^1.0.0"
    safe-regex "^1.1.0"
    semver-store "^0.2.0"

flatstr@^1.0.5:
  version "1.0.8"
  resolved "https://registry.yarnpkg.com/flatstr/-/flatstr-1.0.8.tgz#0e849229751f2b9f6a0919f8e81e1229e84ba901"

has-flag@^3.0.0:
  version "3.0.0"
  resolved "https://registry.yarnpkg.com/has-flag/-/has-flag-3.0.0.tgz#b5d454dc2199ae225699f3467e5a07f3b955bafd"

inherits@~2.0.3:
  version "2.0.3"
  resolved "https://registry.yarnpkg.com/inherits/-/inherits-2.0.3.tgz#633c2c83e3da42a502f52466022480f4208261de"

isarray@~1.0.0:
  version "1.0.0"
  resolved "https://registry.yarnpkg.com/isarray/-/isarray-1.0.0.tgz#bb935d48582cba168c06834957a54a3e07124f11"

json-schema-traverse@^0.4.1:
  version "0.4.1"
  resolved "https://registry.yarnpkg.com/json-schema-traverse/-/json-schema-traverse-0.4.1.tgz#69f6a87d9513ab8bb8fe63bdb0979c448e684660"

light-my-request@^2.0.2:
  version "2.0.2"
  resolved "https://registry.yarnpkg.com/light-my-request/-/light-my-request-2.0.2.tgz#19123fb6c6b746a643433d9e3f6dfcf118e95147"
  dependencies:
    ajv "^6.0.0"
    readable-stream "^2.3.3"
    safe-buffer "^5.1.1"

lodash.get@^4.4.2:
  version "4.4.2"
  resolved "https://registry.yarnpkg.com/lodash.get/-/lodash.get-4.4.2.tgz#2d177f652fa31e939b4438d5341499dfa3825e99"

lodash.memoize@^4.1.2:
  version "4.1.2"
  resolved "https://registry.yarnpkg.com/lodash.memoize/-/lodash.memoize-4.1.2.tgz#bcc6c49a42a2840ed997f323eada5ecd182e0bfe"

lodash.uniq@^4.5.0:
  version "4.5.0"
  resolved "https://registry.yarnpkg.com/lodash.uniq/-/lodash.uniq-4.5.0.tgz#d0225373aeb652adc1bc82e4945339a842754773"

lru-cache@4.1.x:
  version "4.1.3"
  resolved "https://registry.yarnpkg.com/lru-cache/-/lru-cache-4.1.3.tgz#a1175cf3496dfc8436c156c334b4955992bce69c"
  dependencies:
    pseudomap "^1.0.2"
    yallist "^2.1.2"

middie@^3.1.0:
  version "3.1.0"
  resolved "https://registry.yarnpkg.com/middie/-/middie-3.1.0.tgz#99986a166e827fd0b0c8fa55f5ee28e7b6c23d9f"
  dependencies:
    path-to-regexp "^2.0.0"
    reusify "^1.0.2"

ms@2.0.0:
  version "2.0.0"
  resolved "https://registry.yarnpkg.com/ms/-/ms-2.0.0.tgz#5608aeadfc00be6c2901df5f9861788de0d597c8"

once@^1.3.1, once@^1.4.0:
  version "1.4.0"
  resolved "https://registry.yarnpkg.com/once/-/once-1.4.0.tgz#583b1aa775961d4b113ac17d9c50baef9dd76bd1"
  dependencies:
    wrappy "1"

os-tmpdir@~1.0.2:
  version "1.0.2"
  resolved "https://registry.yarnpkg.com/os-tmpdir/-/os-tmpdir-1.0.2.tgz#bbe67406c79aa85c5cfec766fe5734555dfa1274"

path-to-regexp@^2.0.0:
  version "2.2.1"
  resolved "https://registry.yarnpkg.com/path-to-regexp/-/path-to-regexp-2.2.1.tgz#90b617025a16381a879bc82a38d4e8bdeb2bcf45"

pino-std-serializers@^2.0.0:
  version "2.1.0"
  resolved "https://registry.yarnpkg.com/pino-std-serializers/-/pino-std-serializers-2.1.0.tgz#01953dcaecd5f43b331ecf2e312a49c9fd64851c"

pino@^4.16.1:
  version "4.17.3"
  resolved "https://registry.yarnpkg.com/pino/-/pino-4.17.3.tgz#3536ea36f6258356ba8891d18dbf1afed41fcf09"
  dependencies:
    chalk "^2.4.1"
    fast-json-parse "^1.0.3"
    fast-safe-stringify "^1.2.3"
    flatstr "^1.0.5"
    pino-std-serializers "^2.0.0"
    pump "^3.0.0"
    quick-format-unescaped "^1.1.2"
    split2 "^2.2.0"

process-nextick-args@~2.0.0:
  version "2.0.0"
  resolved "https://registry.yarnpkg.com/process-nextick-args/-/process-nextick-args-2.0.0.tgz#a37d732f4271b4ab1ad070d35508e8290788ffaa"

pseudomap@^1.0.2:
  version "1.0.2"
  resolved "https://registry.yarnpkg.com/pseudomap/-/pseudomap-1.0.2.tgz#f052a28da70e618917ef0a8ac34c1ae5a68286b3"

pump@^3.0.0:
  version "3.0.0"
  resolved "https://registry.yarnpkg.com/pump/-/pump-3.0.0.tgz#b4a2116815bde2f4e1ea602354e8c75565107a64"
  dependencies:
    end-of-stream "^1.1.0"
    once "^1.3.1"

punycode@^2.1.0:
  version "2.1.1"
  resolved "https://registry.yarnpkg.com/punycode/-/punycode-2.1.1.tgz#b58b010ac40c22c5657616c8d2c2c02c7bf479ec"

quick-format-unescaped@^1.1.2:
  version "1.1.2"
  resolved "https://registry.yarnpkg.com/quick-format-unescaped/-/quick-format-unescaped-1.1.2.tgz#0ca581de3174becef25ac3c2e8956342381db698"
  dependencies:
    fast-safe-stringify "^1.0.8"

readable-stream@^2.1.5, readable-stream@^2.3.3:
  version "2.3.6"
  resolved "https://registry.yarnpkg.com/readable-stream/-/readable-stream-2.3.6.tgz#b11c27d88b8ff1fbe070643cf94b0c79ae1b0aaf"
  dependencies:
    core-util-is "~1.0.0"
    inherits "~2.0.3"
    isarray "~1.0.0"
    process-nextick-args "~2.0.0"
    safe-buffer "~5.1.1"
    string_decoder "~1.1.1"
    util-deprecate "~1.0.1"

ret@~0.1.10:
  version "0.1.15"
  resolved "https://registry.yarnpkg.com/ret/-/ret-0.1.15.tgz#b8a4825d5bdb1fc3f6f53c2bc33f81388681c7bc"

reusify@^1.0.0, reusify@^1.0.2:
  version "1.0.4"
  resolved "https://registry.yarnpkg.com/reusify/-/reusify-1.0.4.tgz#90da382b1e126efc02146e90845a88db12925d76"

safe-buffer@^5.1.1, safe-buffer@~5.1.0, safe-buffer@~5.1.1:
  version "5.1.2"
  resolved "https://registry.yarnpkg.com/safe-buffer/-/safe-buffer-5.1.2.tgz#991ec69d296e0313747d59bdfd2b745c35f8828d"

safe-regex@^1.1.0:
  version "1.1.0"
  resolved "https://registry.yarnpkg.com/safe-regex/-/safe-regex-1.1.0.tgz#40a3669f3b077d1e943d44629e157dd48023bf2e"
  dependencies:
    ret "~0.1.10"

semver-store@^0.2.0:
  version "0.2.2"
  resolved "https://registry.yarnpkg.com/semver-store/-/semver-store-0.2.2.tgz#e6c65e4e94e2e5f662e1efaaa8112dae302cbdcf"

semver@^5.4.1, semver@^5.5.0:
  version "5.5.0"
  resolved "https://registry.yarnpkg.com/semver/-/semver-5.5.0.tgz#dc4bbc7a6ca9d916dee5d43516f0092b58f7b8ab"

split2@^2.2.0:
  version "2.2.0"
  resolved "https://registry.yarnpkg.com/split2/-/split2-2.2.0.tgz#186b2575bcf83e85b7d18465756238ee4ee42493"
  dependencies:
    through2 "^2.0.2"

string_decoder@~1.1.1:
  version "1.1.1"
  resolved "https://registry.yarnpkg.com/string_decoder/-/string_decoder-1.1.1.tgz#9cf1611ba62685d7030ae9e4ba34149c3af03fc8"
  dependencies:
    safe-buffer "~5.1.0"

supports-color@^5.3.0:
  version "5.4.0"
  resolved "https://registry.yarnpkg.com/supports-color/-/supports-color-5.4.0.tgz#1c6b337402c2137605efe19f10fec390f6faab54"
  dependencies:
    has-flag "^3.0.0"

through2@^2.0.2:
  version "2.0.3"
  resolved "https://registry.yarnpkg.com/through2/-/through2-2.0.3.tgz#0004569b37c7c74ba39c43f3ced78d1ad94140be"
  dependencies:
    readable-stream "^2.1.5"
    xtend "~4.0.1"

tiny-lru@^1.5.2:
  version "1.6.1"
  resolved "https://registry.yarnpkg.com/tiny-lru/-/tiny-lru-1.6.1.tgz#addb5c043311d1f07cd3a81d706ae739b8efebb1"

tmp@0.0.x:
  version "0.0.33"
  resolved "https://registry.yarnpkg.com/tmp/-/tmp-0.0.33.tgz#6d34335889768d21b2bcda0aa277ced3b1bfadf9"
  dependencies:
    os-tmpdir "~1.0.2"

uri-js@^4.2.1:
  version "4.2.2"
  resolved "https://registry.yarnpkg.com/uri-js/-/uri-js-4.2.2.tgz#94c540e1ff772956e2299507c010aea6c8838eb0"
  dependencies:
    punycode "^2.1.0"

useragent@^2.2.1, useragent@^2.3.0:
  version "2.3.0"
  resolved "https://registry.yarnpkg.com/useragent/-/useragent-2.3.0.tgz#217f943ad540cb2128658ab23fc960f6a88c9972"
  dependencies:
    lru-cache "4.1.x"
    tmp "0.0.x"

util-deprecate@~1.0.1:
  version "1.0.2"
  resolved "https://registry.yarnpkg.com/util-deprecate/-/util-deprecate-1.0.2.tgz#450d4dc9fa70de732762fbd2d4a28981419a0ccf"

wrappy@1:
  version "1.0.2"
  resolved "https://registry.yarnpkg.com/wrappy/-/wrappy-1.0.2.tgz#b5243d8f3ec1aa35f1364605bc0d1036e30ab69f"

xtend@~4.0.1:
  version "4.0.1"
  resolved "https://registry.yarnpkg.com/xtend/-/xtend-4.0.1.tgz#a5c6d532be656e23db820efb943a1f04998d63af"

yallist@^2.1.2:
  version "2.1.2"
  resolved "https://registry.yarnpkg.com/yallist/-/yallist-2.1.2.tgz#1c11f9218f076089a47dd512f93c6699a6a81d52"
